// !$*UTF8*$!
{
	archiveVersion = 1;
	classes = {
	};
	objectVersion = 46;
	objects = {

/* Begin PBXBuildFile section */
		8B6146011D080B56003F8D3B /* RestraurantDetailsVC.m in Sources */ = {isa = PBXBuildFile; fileRef = 8B6146001D080B56003F8D3B /* RestraurantDetailsVC.m */; };
		8B6146041D080D23003F8D3B /* OrderNow.m in Sources */ = {isa = PBXBuildFile; fileRef = 8B6146031D080D23003F8D3B /* OrderNow.m */; };
		8B6146071D080D6D003F8D3B /* RestraurantDetails.m in Sources */ = {isa = PBXBuildFile; fileRef = 8B6146061D080D6D003F8D3B /* RestraurantDetails.m */; };
		8B70D7751D06BB19006A217D /* FilterView.m in Sources */ = {isa = PBXBuildFile; fileRef = 8B70D7741D06BB19006A217D /* FilterView.m */; };
		8BF8A3031D054BAA009AAF65 /* main.m in Sources */ = {isa = PBXBuildFile; fileRef = 8BF8A3021D054BAA009AAF65 /* main.m */; };
		8BF8A3061D054BAA009AAF65 /* AppDelegate.m in Sources */ = {isa = PBXBuildFile; fileRef = 8BF8A3051D054BAA009AAF65 /* AppDelegate.m */; };
		8BF8A3091D054BAA009AAF65 /* ViewController.m in Sources */ = {isa = PBXBuildFile; fileRef = 8BF8A3081D054BAA009AAF65 /* ViewController.m */; };
		8BF8A30C1D054BAA009AAF65 /* Main.storyboard in Resources */ = {isa = PBXBuildFile; fileRef = 8BF8A30A1D054BAA009AAF65 /* Main.storyboard */; };
		8BF8A30E1D054BAA009AAF65 /* Assets.xcassets in Resources */ = {isa = PBXBuildFile; fileRef = 8BF8A30D1D054BAA009AAF65 /* Assets.xcassets */; };
		8BF8A3111D054BAA009AAF65 /* LaunchScreen.storyboard in Resources */ = {isa = PBXBuildFile; fileRef = 8BF8A30F1D054BAA009AAF65 /* LaunchScreen.storyboard */; };
		8BF8A3191D054E4B009AAF65 /* eatnowLogo.png in Resources */ = {isa = PBXBuildFile; fileRef = 8BF8A3181D054E4B009AAF65 /* eatnowLogo.png */; };
		8BF8A31C1D054F99009AAF65 /* Restaurent.m in Sources */ = {isa = PBXBuildFile; fileRef = 8BF8A31B1D054F99009AAF65 /* Restaurent.m */; };
		8BF8A3231D055039009AAF65 /* CustomerInfo.m in Sources */ = {isa = PBXBuildFile; fileRef = 8BF8A3221D055039009AAF65 /* CustomerInfo.m */; };
		8BF8A3261D0550B2009AAF65 /* RestaurantDetails.m in Sources */ = {isa = PBXBuildFile; fileRef = 8BF8A3251D0550B2009AAF65 /* RestaurantDetails.m */; };
		8BF8A3291D05566B009AAF65 /* Reviews.m in Sources */ = {isa = PBXBuildFile; fileRef = 8BF8A3281D05566B009AAF65 /* Reviews.m */; };
		8BF8A32C1D055749009AAF65 /* MenuItems.m in Sources */ = {isa = PBXBuildFile; fileRef = 8BF8A32B1D055749009AAF65 /* MenuItems.m */; };
		8BF8A32F1D055908009AAF65 /* AddressClass.m in Sources */ = {isa = PBXBuildFile; fileRef = 8BF8A32E1D055908009AAF65 /* AddressClass.m */; };
		8BF8A3321D0583EB009AAF65 /* ZipSearchResultVCViewController.m in Sources */ = {isa = PBXBuildFile; fileRef = 8BF8A3311D0583EB009AAF65 /* ZipSearchResultVCViewController.m */; };
		8BF8A3351D05844B009AAF65 /* RestraurantSearchResultCell.m in Sources */ = {isa = PBXBuildFile; fileRef = 8BF8A3341D05844B009AAF65 /* RestraurantSearchResultCell.m */; };
/* End PBXBuildFile section */

/* Begin PBXFileReference section */
		8B6145FF1D080B56003F8D3B /* RestraurantDetailsVC.h */ = {isa = PBXFileReference; fileEncoding = 4; lastKnownFileType = sourcecode.c.h; path = RestraurantDetailsVC.h; sourceTree = "<group>"; };
		8B6146001D080B56003F8D3B /* RestraurantDetailsVC.m */ = {isa = PBXFileReference; fileEncoding = 4; lastKnownFileType = sourcecode.c.objc; path = RestraurantDetailsVC.m; sourceTree = "<group>"; };
		8B6146021D080D23003F8D3B /* OrderNow.h */ = {isa = PBXFileReference; fileEncoding = 4; lastKnownFileType = sourcecode.c.h; path = OrderNow.h; sourceTree = "<group>"; };
		8B6146031D080D23003F8D3B /* OrderNow.m */ = {isa = PBXFileReference; fileEncoding = 4; lastKnownFileType = sourcecode.c.objc; path = OrderNow.m; sourceTree = "<group>"; };
		8B6146051D080D6D003F8D3B /* RestraurantDetails.h */ = {isa = PBXFileReference; fileEncoding = 4; lastKnownFileType = sourcecode.c.h; path = RestraurantDetails.h; sourceTree = "<group>"; };
		8B6146061D080D6D003F8D3B /* RestraurantDetails.m */ = {isa = PBXFileReference; fileEncoding = 4; lastKnownFileType = sourcecode.c.objc; path = RestraurantDetails.m; sourceTree = "<group>"; };
		8B70D7731D06BB19006A217D /* FilterView.h */ = {isa = PBXFileReference; fileEncoding = 4; lastKnownFileType = sourcecode.c.h; path = FilterView.h; sourceTree = "<group>"; };
		8B70D7741D06BB19006A217D /* FilterView.m */ = {isa = PBXFileReference; fileEncoding = 4; lastKnownFileType = sourcecode.c.objc; path = FilterView.m; sourceTree = "<group>"; };
		8BF8A2FE1D054BAA009AAF65 /* EatnowClone.app */ = {isa = PBXFileReference; explicitFileType = wrapper.application; includeInIndex = 0; path = EatnowClone.app; sourceTree = BUILT_PRODUCTS_DIR; };
		8BF8A3021D054BAA009AAF65 /* main.m */ = {isa = PBXFileReference; lastKnownFileType = sourcecode.c.objc; path = main.m; sourceTree = "<group>"; };
		8BF8A3041D054BAA009AAF65 /* AppDelegate.h */ = {isa = PBXFileReference; lastKnownFileType = sourcecode.c.h; path = AppDelegate.h; sourceTree = "<group>"; };
		8BF8A3051D054BAA009AAF65 /* AppDelegate.m */ = {isa = PBXFileReference; lastKnownFileType = sourcecode.c.objc; path = AppDelegate.m; sourceTree = "<group>"; };
		8BF8A3071D054BAA009AAF65 /* ViewController.h */ = {isa = PBXFileReference; lastKnownFileType = sourcecode.c.h; path = ViewController.h; sourceTree = "<group>"; };
		8BF8A3081D054BAA009AAF65 /* ViewController.m */ = {isa = PBXFileReference; lastKnownFileType = sourcecode.c.objc; path = ViewController.m; sourceTree = "<group>"; };
		8BF8A30B1D054BAA009AAF65 /* Base */ = {isa = PBXFileReference; lastKnownFileType = file.storyboard; name = Base; path = Base.lproj/Main.storyboard; sourceTree = "<group>"; };
		8BF8A30D1D054BAA009AAF65 /* Assets.xcassets */ = {isa = PBXFileReference; lastKnownFileType = folder.assetcatalog; path = Assets.xcassets; sourceTree = "<group>"; };
		8BF8A3101D054BAA009AAF65 /* Base */ = {isa = PBXFileReference; lastKnownFileType = file.storyboard; name = Base; path = Base.lproj/LaunchScreen.storyboard; sourceTree = "<group>"; };
		8BF8A3121D054BAB009AAF65 /* Info.plist */ = {isa = PBXFileReference; lastKnownFileType = text.plist.xml; path = Info.plist; sourceTree = "<group>"; };
		8BF8A3181D054E4B009AAF65 /* eatnowLogo.png */ = {isa = PBXFileReference; lastKnownFileType = image.png; path = eatnowLogo.png; sourceTree = "<group>"; };
		8BF8A31A1D054F99009AAF65 /* Restaurent.h */ = {isa = PBXFileReference; fileEncoding = 4; lastKnownFileType = sourcecode.c.h; path = Restaurent.h; sourceTree = "<group>"; };
		8BF8A31B1D054F99009AAF65 /* Restaurent.m */ = {isa = PBXFileReference; fileEncoding = 4; lastKnownFileType = sourcecode.c.objc; path = Restaurent.m; sourceTree = "<group>"; };
		8BF8A3211D055039009AAF65 /* CustomerInfo.h */ = {isa = PBXFileReference; fileEncoding = 4; lastKnownFileType = sourcecode.c.h; path = CustomerInfo.h; sourceTree = "<group>"; };
		8BF8A3221D055039009AAF65 /* CustomerInfo.m */ = {isa = PBXFileReference; fileEncoding = 4; lastKnownFileType = sourcecode.c.objc; path = CustomerInfo.m; sourceTree = "<group>"; };
		8BF8A3241D0550B2009AAF65 /* RestaurantDetails.h */ = {isa = PBXFileReference; fileEncoding = 4; lastKnownFileType = sourcecode.c.h; path = RestaurantDetails.h; sourceTree = "<group>"; };
		8BF8A3251D0550B2009AAF65 /* RestaurantDetails.m */ = {isa = PBXFileReference; fileEncoding = 4; lastKnownFileType = sourcecode.c.objc; path = RestaurantDetails.m; sourceTree = "<group>"; };
		8BF8A3271D05566B009AAF65 /* Reviews.h */ = {isa = PBXFileReference; fileEncoding = 4; lastKnownFileType = sourcecode.c.h; path = Reviews.h; sourceTree = "<group>"; };
		8BF8A3281D05566B009AAF65 /* Reviews.m */ = {isa = PBXFileReference; fileEncoding = 4; lastKnownFileType = sourcecode.c.objc; path = Reviews.m; sourceTree = "<group>"; };
		8BF8A32A1D055749009AAF65 /* MenuItems.h */ = {isa = PBXFileReference; fileEncoding = 4; lastKnownFileType = sourcecode.c.h; path = MenuItems.h; sourceTree = "<group>"; };
		8BF8A32B1D055749009AAF65 /* MenuItems.m */ = {isa = PBXFileReference; fileEncoding = 4; lastKnownFileType = sourcecode.c.objc; path = MenuItems.m; sourceTree = "<group>"; };
		8BF8A32D1D055908009AAF65 /* AddressClass.h */ = {isa = PBXFileReference; fileEncoding = 4; lastKnownFileType = sourcecode.c.h; path = AddressClass.h; sourceTree = "<group>"; };
		8BF8A32E1D055908009AAF65 /* AddressClass.m */ = {isa = PBXFileReference; fileEncoding = 4; lastKnownFileType = sourcecode.c.objc; path = AddressClass.m; sourceTree = "<group>"; };
		8BF8A3301D0583EB009AAF65 /* ZipSearchResultVCViewController.h */ = {isa = PBXFileReference; fileEncoding = 4; lastKnownFileType = sourcecode.c.h; path = ZipSearchResultVCViewController.h; sourceTree = "<group>"; };
		8BF8A3311D0583EB009AAF65 /* ZipSearchResultVCViewController.m */ = {isa = PBXFileReference; fileEncoding = 4; lastKnownFileType = sourcecode.c.objc; path = ZipSearchResultVCViewController.m; sourceTree = "<group>"; };
		8BF8A3331D05844B009AAF65 /* RestraurantSearchResultCell.h */ = {isa = PBXFileReference; fileEncoding = 4; lastKnownFileType = sourcecode.c.h; path = RestraurantSearchResultCell.h; sourceTree = "<group>"; };
		8BF8A3341D05844B009AAF65 /* RestraurantSearchResultCell.m */ = {isa = PBXFileReference; fileEncoding = 4; lastKnownFileType = sourcecode.c.objc; path = RestraurantSearchResultCell.m; sourceTree = "<group>"; };
/* End PBXFileReference section */

/* Begin PBXFrameworksBuildPhase section */
		8BF8A2FB1D054BAA009AAF65 /* Frameworks */ = {
			isa = PBXFrameworksBuildPhase;
			buildActionMask = 2147483647;
			files = (
			);
			runOnlyForDeploymentPostprocessing = 0;
		};
/* End PBXFrameworksBuildPhase section */

/* Begin PBXGroup section */
		8B6146081D0815AD003F8D3B /* Views */ = {
			isa = PBXGroup;
			children = (
				8B6146091D0815B6003F8D3B /* FilterView */,
			);
			name = Views;
			sourceTree = "<group>";
		};
		8B6146091D0815B6003F8D3B /* FilterView */ = {
			isa = PBXGroup;
			children = (
				8B70D7731D06BB19006A217D /* FilterView.h */,
				8B70D7741D06BB19006A217D /* FilterView.m */,
			);
			name = FilterView;
			sourceTree = "<group>";
		};
		8B61460A1D0815C2003F8D3B /* RestaurantSearchResultCell */ = {
			isa = PBXGroup;
			children = (
				8BF8A3331D05844B009AAF65 /* RestraurantSearchResultCell.h */,
				8BF8A3341D05844B009AAF65 /* RestraurantSearchResultCell.m */,
			);
			name = RestaurantSearchResultCell;
			sourceTree = "<group>";
		};
		8B61460B1D08194C003F8D3B /* StoryBoard */ = {
			isa = PBXGroup;
			children = (
				8BF8A30A1D054BAA009AAF65 /* Main.storyboard */,
				8BF8A30F1D054BAA009AAF65 /* LaunchScreen.storyboard */,
			);
			name = StoryBoard;
			sourceTree = "<group>";
		};
		8B61460C1D081966003F8D3B /* Images */ = {
			isa = PBXGroup;
			children = (
				8BF8A3181D054E4B009AAF65 /* eatnowLogo.png */,
			);
			name = Images;
			sourceTree = "<group>";
		};
		8B70D7761D06BC51006A217D /* CustomViews */ = {
			isa = PBXGroup;
			children = (
				8BF8A3361D058454009AAF65 /* CustomeTableCell */,
				8B6146081D0815AD003F8D3B /* Views */,
			);
			name = CustomViews;
			path = ..;
			sourceTree = "<group>";
		};
		8BF8A2F51D054BAA009AAF65 = {
			isa = PBXGroup;
			children = (
				8BF8A3001D054BAA009AAF65 /* EatnowClone */,
				8BF8A2FF1D054BAA009AAF65 /* Products */,
			);
			sourceTree = "<group>";
		};
		8BF8A2FF1D054BAA009AAF65 /* Products */ = {
			isa = PBXGroup;
			children = (
				8BF8A2FE1D054BAA009AAF65 /* EatnowClone.app */,
			);
			name = Products;
			sourceTree = "<group>";
		};
		8BF8A3001D054BAA009AAF65 /* EatnowClone */ = {
			isa = PBXGroup;
			children = (
				8B61460B1D08194C003F8D3B /* StoryBoard */,
				8BF8A3371D058477009AAF65 /* Controllers */,
				8BF8A3201D05500C009AAF65 /* Models */,
				8B70D7761D06BC51006A217D /* CustomViews */,
				8B61460C1D081966003F8D3B /* Images */,
				8BF8A3041D054BAA009AAF65 /* AppDelegate.h */,
				8BF8A3051D054BAA009AAF65 /* AppDelegate.m */,
				8BF8A30D1D054BAA009AAF65 /* Assets.xcassets */,
				8BF8A3121D054BAB009AAF65 /* Info.plist */,
				8BF8A3011D054BAA009AAF65 /* Supporting Files */,
			);
			path = EatnowClone;
			sourceTree = "<group>";
		};
		8BF8A3011D054BAA009AAF65 /* Supporting Files */ = {
			isa = PBXGroup;
			children = (
				8BF8A3021D054BAA009AAF65 /* main.m */,
			);
			name = "Supporting Files";
			sourceTree = "<group>";
		};
		8BF8A3201D05500C009AAF65 /* Models */ = {
			isa = PBXGroup;
			children = (
				8BF8A31A1D054F99009AAF65 /* Restaurent.h */,
				8BF8A31B1D054F99009AAF65 /* Restaurent.m */,
				8BF8A3211D055039009AAF65 /* CustomerInfo.h */,
				8BF8A3221D055039009AAF65 /* CustomerInfo.m */,
				8BF8A3241D0550B2009AAF65 /* RestaurantDetails.h */,
				8BF8A3251D0550B2009AAF65 /* RestaurantDetails.m */,
				8BF8A3271D05566B009AAF65 /* Reviews.h */,
				8BF8A3281D05566B009AAF65 /* Reviews.m */,
				8BF8A32A1D055749009AAF65 /* MenuItems.h */,
				8BF8A32B1D055749009AAF65 /* MenuItems.m */,
				8BF8A32D1D055908009AAF65 /* AddressClass.h */,
				8BF8A32E1D055908009AAF65 /* AddressClass.m */,
			);
			name = Models;
			sourceTree = "<group>";
		};
		8BF8A3361D058454009AAF65 /* CustomeTableCell */ = {
			isa = PBXGroup;
			children = (
				8B61460A1D0815C2003F8D3B /* RestaurantSearchResultCell */,
			);
			name = CustomeTableCell;
			path = EatnowClone;
			sourceTree = "<group>";
		};
		8BF8A3371D058477009AAF65 /* Controllers */ = {
			isa = PBXGroup;
			children = (
				8BF8A3071D054BAA009AAF65 /* ViewController.h */,
				8BF8A3081D054BAA009AAF65 /* ViewController.m */,
				8BF8A3301D0583EB009AAF65 /* ZipSearchResultVCViewController.h */,
				8BF8A3311D0583EB009AAF65 /* ZipSearchResultVCViewController.m */,
				8B6145FF1D080B56003F8D3B /* RestraurantDetailsVC.h */,
				8B6146001D080B56003F8D3B /* RestraurantDetailsVC.m */,
				8B6146021D080D23003F8D3B /* OrderNow.h */,
				8B6146031D080D23003F8D3B /* OrderNow.m */,
				8B6146051D080D6D003F8D3B /* RestraurantDetails.h */,
				8B6146061D080D6D003F8D3B /* RestraurantDetails.m */,
			);
			name = Controllers;
			sourceTree = "<group>";
		};
/* End PBXGroup section */

/* Begin PBXNativeTarget section */
		8BF8A2FD1D054BAA009AAF65 /* EatnowClone */ = {
			isa = PBXNativeTarget;
			buildConfigurationList = 8BF8A3151D054BAB009AAF65 /* Build configuration list for PBXNativeTarget "EatnowClone" */;
			buildPhases = (
				8BF8A2FA1D054BAA009AAF65 /* Sources */,
				8BF8A2FB1D054BAA009AAF65 /* Frameworks */,
				8BF8A2FC1D054BAA009AAF65 /* Resources */,
			);
			buildRules = (
			);
			dependencies = (
			);
			name = EatnowClone;
			productName = EatnowClone;
			productReference = 8BF8A2FE1D054BAA009AAF65 /* EatnowClone.app */;
			productType = "com.apple.product-type.application";
		};
/* End PBXNativeTarget section */

/* Begin PBXProject section */
		8BF8A2F61D054BAA009AAF65 /* Project object */ = {
			isa = PBXProject;
			attributes = {
				LastUpgradeCheck = 0710;
				ORGANIZATIONNAME = Varun;
				TargetAttributes = {
					8BF8A2FD1D054BAA009AAF65 = {
						CreatedOnToolsVersion = 7.1;
					};
				};
			};
			buildConfigurationList = 8BF8A2F91D054BAA009AAF65 /* Build configuration list for PBXProject "EatnowClone" */;
			compatibilityVersion = "Xcode 3.2";
			developmentRegion = English;
			hasScannedForEncodings = 0;
			knownRegions = (
				en,
				Base,
			);
			mainGroup = 8BF8A2F51D054BAA009AAF65;
			productRefGroup = 8BF8A2FF1D054BAA009AAF65 /* Products */;
			projectDirPath = "";
			projectRoot = "";
			targets = (
				8BF8A2FD1D054BAA009AAF65 /* EatnowClone */,
			);
		};
/* End PBXProject section */

/* Begin PBXResourcesBuildPhase section */
		8BF8A2FC1D054BAA009AAF65 /* Resources */ = {
			isa = PBXResourcesBuildPhase;
			buildActionMask = 2147483647;
			files = (
				8BF8A3111D054BAA009AAF65 /* LaunchScreen.storyboard in Resources */,
				8BF8A30E1D054BAA009AAF65 /* Assets.xcassets in Resources */,
				8BF8A3191D054E4B009AAF65 /* eatnowLogo.png in Resources */,
				8BF8A30C1D054BAA009AAF65 /* Main.storyboard in Resources */,
			);
			runOnlyForDeploymentPostprocessing = 0;
		};
/* End PBXResourcesBuildPhase section */

/* Begin PBXSourcesBuildPhase section */
		8BF8A2FA1D054BAA009AAF65 /* Sources */ = {
			isa = PBXSourcesBuildPhase;
			buildActionMask = 2147483647;
			files = (
				8BF8A3261D0550B2009AAF65 /* RestaurantDetails.m in Sources */,
				8BF8A31C1D054F99009AAF65 /* Restaurent.m in Sources */,
				8BF8A3321D0583EB009AAF65 /* ZipSearchResultVCViewController.m in Sources */,
				8BF8A32F1D055908009AAF65 /* AddressClass.m in Sources */,
				8BF8A3091D054BAA009AAF65 /* ViewController.m in Sources */,
				8BF8A3291D05566B009AAF65 /* Reviews.m in Sources */,
				8BF8A3061D054BAA009AAF65 /* AppDelegate.m in Sources */,
				8BF8A32C1D055749009AAF65 /* MenuItems.m in Sources */,
				8BF8A3031D054BAA009AAF65 /* main.m in Sources */,
				8B6146071D080D6D003F8D3B /* RestraurantDetails.m in Sources */,
				8BF8A3231D055039009AAF65 /* CustomerInfo.m in Sources */,
				8BF8A3351D05844B009AAF65 /* RestraurantSearchResultCell.m in Sources */,
				8B6146041D080D23003F8D3B /* OrderNow.m in Sources */,
				8B6146011D080B56003F8D3B /* RestraurantDetailsVC.m in Sources */,
				8B70D7751D06BB19006A217D /* FilterView.m in Sources */,
			);
			runOnlyForDeploymentPostprocessing = 0;
		};
/* End PBXSourcesBuildPhase section */

/* Begin PBXVariantGroup section */
		8BF8A30A1D054BAA009AAF65 /* Main.storyboard */ = {
			isa = PBXVariantGroup;
			children = (
				8BF8A30B1D054BAA009AAF65 /* Base */,
			);
			name = Main.storyboard;
			sourceTree = "<group>";
		};
		8BF8A30F1D054BAA009AAF65 /* LaunchScreen.storyboard */ = {
			isa = PBXVariantGroup;
			children = (
				8BF8A3101D054BAA009AAF65 /* Base */,
			);
			name = LaunchScreen.storyboard;
			sourceTree = "<group>";
		};
/* End PBXVariantGroup section */

/* Begin XCBuildConfiguration section */
		8BF8A3131D054BAB009AAF65 /* Debug */ = {
			isa = XCBuildConfiguration;
			buildSettings = {
				ALWAYS_SEARCH_USER_PATHS = NO;
				CLANG_CXX_LANGUAGE_STANDARD = "gnu++0x";
				CLANG_CXX_LIBRARY = "libc++";
				CLANG_ENABLE_MODULES = YES;
				CLANG_ENABLE_OBJC_ARC = YES;
				CLANG_WARN_BOOL_CONVERSION = YES;
				CLANG_WARN_CONSTANT_CONVERSION = YES;
				CLANG_WARN_DIRECT_OBJC_ISA_USAGE = YES_ERROR;
				CLANG_WARN_EMPTY_BODY = YES;
				CLANG_WARN_ENUM_CONVERSION = YES;
				CLANG_WARN_INT_CONVERSION = YES;
				CLANG_WARN_OBJC_ROOT_CLASS = YES_ERROR;
				CLANG_WARN_UNREACHABLE_CODE = YES;
				CLANG_WARN__DUPLICATE_METHOD_MATCH = YES;
				"CODE_SIGN_IDENTITY[sdk=iphoneos*]" = "iPhone Developer";
				COPY_PHASE_STRIP = NO;
				DEBUG_INFORMATION_FORMAT = dwarf;
				ENABLE_STRICT_OBJC_MSGSEND = YES;
				ENABLE_TESTABILITY = YES;
				GCC_C_LANGUAGE_STANDARD = gnu99;
				GCC_DYNAMIC_NO_PIC = NO;
				GCC_NO_COMMON_BLOCKS = YES;
				GCC_OPTIMIZATION_LEVEL = 0;
				GCC_PREPROCESSOR_DEFINITIONS = (
					"DEBUG=1",
					"$(inherited)",
				);
				GCC_WARN_64_TO_32_BIT_CONVERSION = YES;
				GCC_WARN_ABOUT_RETURN_TYPE = YES_ERROR;
				GCC_WARN_UNDECLARED_SELECTOR = YES;
				GCC_WARN_UNINITIALIZED_AUTOS = YES_AGGRESSIVE;
				GCC_WARN_UNUSED_FUNCTION = YES;
				GCC_WARN_UNUSED_VARIABLE = YES;
				IPHONEOS_DEPLOYMENT_TARGET = 9.1;
				MTL_ENABLE_DEBUG_INFO = YES;
				ONLY_ACTIVE_ARCH = YES;
				SDKROOT = iphoneos;
				TARGETED_DEVICE_FAMILY = "1,2";
			};
			name = Debug;
		};
		8BF8A3141D054BAB009AAF65 /* Release */ = {
			isa = XCBuildConfiguration;
			buildSettings = {
				ALWAYS_SEARCH_USER_PATHS = NO;
				CLANG_CXX_LANGUAGE_STANDARD = "gnu++0x";
				CLANG_CXX_LIBRARY = "libc++";
				CLANG_ENABLE_MODULES = YES;
				CLANG_ENABLE_OBJC_ARC = YES;
				CLANG_WARN_BOOL_CONVERSION = YES;
				CLANG_WARN_CONSTANT_CONVERSION = YES;
				CLANG_WARN_DIRECT_OBJC_ISA_USAGE = YES_ERROR;
				CLANG_WARN_EMPTY_BODY = YES;
				CLANG_WARN_ENUM_CONVERSION = YES;
				CLANG_WARN_INT_CONVERSION = YES;
				CLANG_WARN_OBJC_ROOT_CLASS = YES_ERROR;
				CLANG_WARN_UNREACHABLE_CODE = YES;
				CLANG_WARN__DUPLICATE_METHOD_MATCH = YES;
				"CODE_SIGN_IDENTITY[sdk=iphoneos*]" = "iPhone Developer";
				COPY_PHASE_STRIP = NO;
				DEBUG_INFORMATION_FORMAT = "dwarf-with-dsym";
				ENABLE_NS_ASSERTIONS = NO;
				ENABLE_STRICT_OBJC_MSGSEND = YES;
				GCC_C_LANGUAGE_STANDARD = gnu99;
				GCC_NO_COMMON_BLOCKS = YES;
				GCC_WARN_64_TO_32_BIT_CONVERSION = YES;
				GCC_WARN_ABOUT_RETURN_TYPE = YES_ERROR;
				GCC_WARN_UNDECLARED_SELECTOR = YES;
				GCC_WARN_UNINITIALIZED_AUTOS = YES_AGGRESSIVE;
				GCC_WARN_UNUSED_FUNCTION = YES;
				GCC_WARN_UNUSED_VARIABLE = YES;
				IPHONEOS_DEPLOYMENT_TARGET = 9.1;
				MTL_ENABLE_DEBUG_INFO = NO;
				SDKROOT = iphoneos;
				TARGETED_DEVICE_FAMILY = "1,2";
				VALIDATE_PRODUCT = YES;
			};
			name = Release;
		};
		8BF8A3161D054BAB009AAF65 /* Debug */ = {
			isa = XCBuildConfiguration;
			buildSettings = {
				ASSETCATALOG_COMPILER_APPICON_NAME = AppIcon;
				INFOPLIST_FILE = EatnowClone/Info.plist;
				LD_RUNPATH_SEARCH_PATHS = "$(inherited) @executable_path/Frameworks";
				PRODUCT_BUNDLE_IDENTIFIER = com.codekul.Test.EatnowClone;
				PRODUCT_NAME = "$(TARGET_NAME)";
			};
			name = Debug;
		};
		8BF8A3171D054BAB009AAF65 /* Release */ = {
			isa = XCBuildConfiguration;
			buildSettings = {
				ASSETCATALOG_COMPILER_APPICON_NAME = AppIcon;
				INFOPLIST_FILE = EatnowClone/Info.plist;
				LD_RUNPATH_SEARCH_PATHS = "$(inherited) @executable_path/Frameworks";
				PRODUCT_BUNDLE_IDENTIFIER = com.codekul.Test.EatnowClone;
				PRODUCT_NAME = "$(TARGET_NAME)";
			};
			name = Release;
		};
/* End XCBuildConfiguration section */

/* Begin XCConfigurationList section */
		8BF8A2F91D054BAA009AAF65 /* Build configuration list for PBXProject "EatnowClone" */ = {
			isa = XCConfigurationList;
			buildConfigurations = (
				8BF8A3131D054BAB009AAF65 /* Debug */,
				8BF8A3141D054BAB009AAF65 /* Release */,
			);
			defaultConfigurationIsVisible = 0;
			defaultConfigurationName = Release;
		};
		8BF8A3151D054BAB009AAF65 /* Build configuration list for PBXNativeTarget "EatnowClone" */ = {
			isa = XCConfigurationList;
			buildConfigurations = (
				8BF8A3161D054BAB009AAF65 /* Debug */,
				8BF8A3171D054BAB009AAF65 /* Release */,
			);
			defaultConfigurationIsVisible = 0;
			defaultConfigurationName = Release;
		};
/* End XCConfigurationList section */
	};
	rootObject = 8BF8A2F61D054BAA009AAF65 /* Project object */;
}
